
Microsoft Visual Studio Solution File, Format Version 12.00
# Visual Studio Version 17
VisualStudioVersion = 17.6.33815.320
MinimumVisualStudioVersion = 10.0.40219.1
Project("{FAE04EC0-301F-11D3-BF4B-00C04F79EFBC}") = "Jogo da Velha", "Jogo da Velha.csproj", "{0B9BA627-4057-4F62-AFB1-39AB70C3F961}"
EndProject
Global
	GlobalSection(SolutionConfigurationPlatforms) = preSolution
		Debug|Any CPU = Debug|Any CPU
		Release|Any CPU = Release|Any CPU
	EndGlobalSection
	GlobalSection(ProjectConfigurationPlatforms) = postSolution
		{0B9BA627-4057-4F62-AFB1-39AB70C3F961}.Debug|Any CPU.ActiveCfg = Debug|Any CPU
		{0B9BA627-4057-4F62-AFB1-39AB70C3F961}.Debug|Any CPU.Build.0 = Debug|Any CPU
		{0B9BA627-4057-4F62-AFB1-39AB70C3F961}.Release|Any CPU.ActiveCfg = Release|Any CPU
		{0B9BA627-4057-4F62-AFB1-39AB70C3F961}.Release|Any CPU.Build.0 = Release|Any CPU
	EndGlobalSection
	GlobalSection(SolutionProperties) = preSolution
		HideSolutionNode = FALSE
	EndGlobalSection
	GlobalSection(ExtensibilityGlobals) = postSolution
		SolutionGuid = {C74E6D4E-7F35-4929-A38A-99B0A9A6FD2F}
	EndGlobalSection
EndGlobal
